{
  "version": 4,
  "terraform_version": "0.13.3",
  "serial": 12,
  "lineage": "562fd3ce-4499-210b-3c9b-f4ad37f16686",
  "outputs": {
    "dev-ip": {
      "value": "157.90.22.74",
      "type": "string"
    }
  },
  "resources": [
    {
      "mode": "managed",
      "type": "hcloud_server",
      "name": "dev",
      "provider": "provider[\"registry.terraform.io/hetznercloud/hcloud\"]",
      "instances": [
        {
          "schema_version": 0,
          "attributes": {
            "backup_window": "",
            "backups": false,
            "datacenter": "nbg1-dc3",
            "id": "10586044",
            "image": "ubuntu-20.04",
            "ipv4_address": "157.90.22.74",
            "ipv6_address": "2a01:4f8:c2c:8026::1",
            "ipv6_network": "2a01:4f8:c2c:8026::/64",
            "iso": null,
            "keep_disk": false,
            "labels": {},
            "location": "nbg1",
            "name": "dev",
            "network": [],
            "rescue": null,
            "server_type": "cx21",
            "ssh_keys": [
              "jelgar@UbuntuPC"
            ],
            "status": "running",
            "user_data": null
          },
          "private": "bnVsbA=="
        }
      ]
    },
    {
      "mode": "managed",
      "type": "hcloud_server",
      "name": "prod",
      "provider": "provider[\"registry.terraform.io/hetznercloud/hcloud\"]",
      "instances": [
        {
          "schema_version": 0,
          "attributes": {
            "backup_window": "",
            "backups": false,
            "datacenter": "nbg1-dc3",
            "id": "10591631",
            "image": "ubuntu-20.04",
            "ipv4_address": "157.90.165.235",
            "ipv6_address": "2a01:4f8:c2c:e334::1",
            "ipv6_network": "2a01:4f8:c2c:e334::/64",
            "iso": null,
            "keep_disk": false,
            "labels": null,
            "location": "nbg1",
            "name": "prod",
            "network": [],
            "rescue": null,
            "server_type": "cx11",
            "ssh_keys": [
              "jelgar@UbuntuPC"
            ],
            "status": "running",
            "user_data": null
          },
          "private": "bnVsbA=="
        }
      ]
    }
  ]
}
